
Microsoft Visual Studio Solution File, Format Version 12.00
# Visual Studio Version 16
VisualStudioVersion = 16.0.30907.101
MinimumVisualStudioVersion = 10.0.40219.1
Project("{FAE04EC0-301F-11D3-BF4B-00C04F79EFBC}") = "PFSFOC", "PFSFOC\PFSFOC.csproj", "{3BC851CD-D683-4325-99CA-58B8132D37A5}"
EndProject
Global
	GlobalSection(SolutionConfigurationPlatforms) = preSolution
		Debug|Any CPU = Debug|Any CPU
		Release|Any CPU = Release|Any CPU
	EndGlobalSection
	GlobalSection(ProjectConfigurationPlatforms) = postSolution
		{3BC851CD-D683-4325-99CA-58B8132D37A5}.Debug|Any CPU.ActiveCfg = Debug|Any CPU
		{3BC851CD-D683-4325-99CA-58B8132D37A5}.Debug|Any CPU.Build.0 = Debug|Any CPU
		{3BC851CD-D683-4325-99CA-58B8132D37A5}.Release|Any CPU.ActiveCfg = Release|Any CPU
		{3BC851CD-D683-4325-99CA-58B8132D37A5}.Release|Any CPU.Build.0 = Release|Any CPU
	EndGlobalSection
	GlobalSection(SolutionProperties) = preSolution
		HideSolutionNode = FALSE
	EndGlobalSection
	GlobalSection(ExtensibilityGlobals) = postSolution
		SolutionGuid = {3BCFD1B7-0A9A-4775-AAC8-1FD1150D9BE1}
	EndGlobalSection
EndGlobal
